// !$*UTF8*$!
{
	archiveVersion = 1;
	classes = {
	};
	objectVersion = 46;
	objects = {

/* Begin PBXBuildFile section */
		000302541ED525A80079E103 /* DAO.swift in Sources */ = {isa = PBXBuildFile; fileRef = 000302531ED525A80079E103 /* DAO.swift */; };
		000302561ED525D60079E103 /* Word.swift in Sources */ = {isa = PBXBuildFile; fileRef = 000302551ED525D60079E103 /* Word.swift */; };
		00292ED11ED640420005F87A /* PaddedLabel.swift in Sources */ = {isa = PBXBuildFile; fileRef = 00292ED01ED640420005F87A /* PaddedLabel.swift */; };
		00495F581ED8CBB1008500CD /* NSAttributedString+DimensionMethods.swift in Sources */ = {isa = PBXBuildFile; fileRef = 00495F571ED8CBB1008500CD /* NSAttributedString+DimensionMethods.swift */; };
		00560D901D0B15CE00AD0D70 /* AppDelegate.swift in Sources */ = {isa = PBXBuildFile; fileRef = 00560D8F1D0B15CE00AD0D70 /* AppDelegate.swift */; };
		00560D921D0B15CE00AD0D70 /* GameViewController.swift in Sources */ = {isa = PBXBuildFile; fileRef = 00560D911D0B15CE00AD0D70 /* GameViewController.swift */; };
		00560D951D0B15CE00AD0D70 /* Main.storyboard in Resources */ = {isa = PBXBuildFile; fileRef = 00560D931D0B15CE00AD0D70 /* Main.storyboard */; };
		00560D9D1D0B15CE00AD0D70 /* LaunchScreen.storyboard in Resources */ = {isa = PBXBuildFile; fileRef = 00560D9B1D0B15CE00AD0D70 /* LaunchScreen.storyboard */; };
		00666E071EFF5F45004387BD /* flight_of_the_bumblebee.mp3 in Resources */ = {isa = PBXBuildFile; fileRef = 00666E061EFF5F45004387BD /* flight_of_the_bumblebee.mp3 */; };
		00666E0B1F00327C004387BD /* Swift+Gif.swift in Sources */ = {isa = PBXBuildFile; fileRef = 00666E0A1F00327C004387BD /* Swift+Gif.swift */; };
		00666E111F00C3A6004387BD /* beeAnimation3.gif in Resources */ = {isa = PBXBuildFile; fileRef = 00666E101F00C3A6004387BD /* beeAnimation3.gif */; };
		00875FBA1F3F71F8003B2016 /* words-master.json in Resources */ = {isa = PBXBuildFile; fileRef = 00875FB91F3F71F8003B2016 /* words-master.json */; };
		00AD25E31ED5FB580087BF47 /* GameOverViewController.swift in Sources */ = {isa = PBXBuildFile; fileRef = 00AD25E21ED5FB580087BF47 /* GameOverViewController.swift */; };
		00B271A21F45F27C002E9854 /* asset.xcassets in Resources */ = {isa = PBXBuildFile; fileRef = 00B271A11F45F27C002E9854 /* asset.xcassets */; };
		00EB43B31F186B0200CF99A8 /* SwiftyJSON.framework in Frameworks */ = {isa = PBXBuildFile; fileRef = 00EB43B21F186B0200CF99A8 /* SwiftyJSON.framework */; };
		00F572921F44DF64001F90C1 /* Constants.swift in Sources */ = {isa = PBXBuildFile; fileRef = 00F572911F44DF64001F90C1 /* Constants.swift */; };
		5F236E71E6981887776CBAE5 /* Pods_BQuick.framework in Frameworks */ = {isa = PBXBuildFile; fileRef = ABB8361D958B9CEDD50923DA /* Pods_BQuick.framework */; };
/* End PBXBuildFile section */

/* Begin PBXFileReference section */
		000302531ED525A80079E103 /* DAO.swift */ = {isa = PBXFileReference; fileEncoding = 4; lastKnownFileType = sourcecode.swift; path = DAO.swift; sourceTree = "<group>"; };
		000302551ED525D60079E103 /* Word.swift */ = {isa = PBXFileReference; fileEncoding = 4; lastKnownFileType = sourcecode.swift; path = Word.swift; sourceTree = "<group>"; };
		00292ED01ED640420005F87A /* PaddedLabel.swift */ = {isa = PBXFileReference; fileEncoding = 4; lastKnownFileType = sourcecode.swift; path = PaddedLabel.swift; sourceTree = "<group>"; };
		00495F571ED8CBB1008500CD /* NSAttributedString+DimensionMethods.swift */ = {isa = PBXFileReference; fileEncoding = 4; lastKnownFileType = sourcecode.swift; path = "NSAttributedString+DimensionMethods.swift"; sourceTree = "<group>"; };
		00560D8C1D0B15CE00AD0D70 /* BQuick.app */ = {isa = PBXFileReference; explicitFileType = wrapper.application; includeInIndex = 0; path = BQuick.app; sourceTree = BUILT_PRODUCTS_DIR; };
		00560D8F1D0B15CE00AD0D70 /* AppDelegate.swift */ = {isa = PBXFileReference; lastKnownFileType = sourcecode.swift; path = AppDelegate.swift; sourceTree = "<group>"; };
		00560D911D0B15CE00AD0D70 /* GameViewController.swift */ = {isa = PBXFileReference; lastKnownFileType = sourcecode.swift; path = GameViewController.swift; sourceTree = "<group>"; };
		00560D941D0B15CE00AD0D70 /* Base */ = {isa = PBXFileReference; lastKnownFileType = file.storyboard; name = Base; path = Base.lproj/Main.storyboard; sourceTree = "<group>"; };
		00560D9C1D0B15CE00AD0D70 /* Base */ = {isa = PBXFileReference; lastKnownFileType = file.storyboard; name = Base; path = Base.lproj/LaunchScreen.storyboard; sourceTree = "<group>"; };
		00560D9E1D0B15CE00AD0D70 /* Info.plist */ = {isa = PBXFileReference; lastKnownFileType = text.plist.xml; path = Info.plist; sourceTree = "<group>"; };
		00666E061EFF5F45004387BD /* flight_of_the_bumblebee.mp3 */ = {isa = PBXFileReference; lastKnownFileType = audio.mp3; path = flight_of_the_bumblebee.mp3; sourceTree = "<group>"; };
		00666E0A1F00327C004387BD /* Swift+Gif.swift */ = {isa = PBXFileReference; fileEncoding = 4; lastKnownFileType = sourcecode.swift; path = "Swift+Gif.swift"; sourceTree = "<group>"; };
		00666E101F00C3A6004387BD /* beeAnimation3.gif */ = {isa = PBXFileReference; lastKnownFileType = image.gif; path = beeAnimation3.gif; sourceTree = "<group>"; };
		00875FB91F3F71F8003B2016 /* words-master.json */ = {isa = PBXFileReference; fileEncoding = 4; lastKnownFileType = text.json; path = "words-master.json"; sourceTree = "<group>"; };
		00AD25E21ED5FB580087BF47 /* GameOverViewController.swift */ = {isa = PBXFileReference; fileEncoding = 4; lastKnownFileType = sourcecode.swift; path = GameOverViewController.swift; sourceTree = "<group>"; };
		00B271A11F45F27C002E9854 /* asset.xcassets */ = {isa = PBXFileReference; lastKnownFileType = folder.assetcatalog; path = asset.xcassets; sourceTree = "<group>"; };
		00EB43B21F186B0200CF99A8 /* SwiftyJSON.framework */ = {isa = PBXFileReference; lastKnownFileType = wrapper.framework; name = SwiftyJSON.framework; path = "../../../../../Library/Developer/Xcode/DerivedData/BQuick-ftmifzexgkelxhdepkgrfoikiktv/Build/Products/Debug-iphonesimulator/SwiftyJSON/SwiftyJSON.framework"; sourceTree = "<group>"; };
		00EB43B41F186E6600CF99A8 /* words-test.json */ = {isa = PBXFileReference; fileEncoding = 4; lastKnownFileType = text.json; name = "words-test.json"; path = "BQuick/words-test.json"; sourceTree = "<group>"; };
		00F572911F44DF64001F90C1 /* Constants.swift */ = {isa = PBXFileReference; fileEncoding = 4; lastKnownFileType = sourcecode.swift; path = Constants.swift; sourceTree = "<group>"; };
		AA6983922452E9A4FA9899AA /* Pods-BQuick.release.xcconfig */ = {isa = PBXFileReference; includeInIndex = 1; lastKnownFileType = text.xcconfig; name = "Pods-BQuick.release.xcconfig"; path = "Pods/Target Support Files/Pods-BQuick/Pods-BQuick.release.xcconfig"; sourceTree = "<group>"; };
		ABB8361D958B9CEDD50923DA /* Pods_BQuick.framework */ = {isa = PBXFileReference; explicitFileType = wrapper.framework; includeInIndex = 0; path = Pods_BQuick.framework; sourceTree = BUILT_PRODUCTS_DIR; };
		DB2BD163CCBBE57066C6296F /* Pods-BQuick.debug.xcconfig */ = {isa = PBXFileReference; includeInIndex = 1; lastKnownFileType = text.xcconfig; name = "Pods-BQuick.debug.xcconfig"; path = "Pods/Target Support Files/Pods-BQuick/Pods-BQuick.debug.xcconfig"; sourceTree = "<group>"; };
/* End PBXFileReference section */

/* Begin PBXFrameworksBuildPhase section */
		00560D891D0B15CE00AD0D70 /* Frameworks */ = {
			isa = PBXFrameworksBuildPhase;
			buildActionMask = 2147483647;
			files = (
				00EB43B31F186B0200CF99A8 /* SwiftyJSON.framework in Frameworks */,
				5F236E71E6981887776CBAE5 /* Pods_BQuick.framework in Frameworks */,
			);
			runOnlyForDeploymentPostprocessing = 0;
		};
/* End PBXFrameworksBuildPhase section */

/* Begin PBXGroup section */
		00560D831D0B15CE00AD0D70 = {
			isa = PBXGroup;
			children = (
				00560D8E1D0B15CE00AD0D70 /* BQuick */,
				00560D8D1D0B15CE00AD0D70 /* Products */,
				448E6EC5F3847675294332FD /* Pods */,
				491635F3E70FC19BE8145ED7 /* Frameworks */,
			);
			sourceTree = "<group>";
		};
		00560D8D1D0B15CE00AD0D70 /* Products */ = {
			isa = PBXGroup;
			children = (
				00560D8C1D0B15CE00AD0D70 /* BQuick.app */,
			);
			name = Products;
			sourceTree = "<group>";
		};
		00560D8E1D0B15CE00AD0D70 /* BQuick */ = {
			isa = PBXGroup;
			children = (
				00560D8F1D0B15CE00AD0D70 /* AppDelegate.swift */,
				00F572911F44DF64001F90C1 /* Constants.swift */,
				00666E0A1F00327C004387BD /* Swift+Gif.swift */,
				00292ED01ED640420005F87A /* PaddedLabel.swift */,
				000302551ED525D60079E103 /* Word.swift */,
				000302531ED525A80079E103 /* DAO.swift */,
				00560D911D0B15CE00AD0D70 /* GameViewController.swift */,
				00AD25E21ED5FB580087BF47 /* GameOverViewController.swift */,
				00560D931D0B15CE00AD0D70 /* Main.storyboard */,
				00560D9B1D0B15CE00AD0D70 /* LaunchScreen.storyboard */,
				00560D9E1D0B15CE00AD0D70 /* Info.plist */,
				00875FB91F3F71F8003B2016 /* words-master.json */,
				00666E101F00C3A6004387BD /* beeAnimation3.gif */,
				00495F571ED8CBB1008500CD /* NSAttributedString+DimensionMethods.swift */,
				00666E061EFF5F45004387BD /* flight_of_the_bumblebee.mp3 */,
				00B271A11F45F27C002E9854 /* asset.xcassets */,
			);
			path = BQuick;
			sourceTree = "<group>";
		};
		448E6EC5F3847675294332FD /* Pods */ = {
			isa = PBXGroup;
			children = (
				DB2BD163CCBBE57066C6296F /* Pods-BQuick.debug.xcconfig */,
				AA6983922452E9A4FA9899AA /* Pods-BQuick.release.xcconfig */,
			);
			name = Pods;
			sourceTree = "<group>";
		};
		491635F3E70FC19BE8145ED7 /* Frameworks */ = {
			isa = PBXGroup;
			children = (
				00EB43B41F186E6600CF99A8 /* words-test.json */,
				00EB43B21F186B0200CF99A8 /* SwiftyJSON.framework */,
				ABB8361D958B9CEDD50923DA /* Pods_BQuick.framework */,
			);
			name = Frameworks;
			sourceTree = "<group>";
		};
/* End PBXGroup section */

/* Begin PBXNativeTarget section */
		00560D8B1D0B15CE00AD0D70 /* BQuick */ = {
			isa = PBXNativeTarget;
			buildConfigurationList = 00560DA11D0B15CE00AD0D70 /* Build configuration list for PBXNativeTarget "BQuick" */;
			buildPhases = (
				0EAB9B70DCA8CE77EE71E983 /* [CP] Check Pods Manifest.lock */,
				00560D881D0B15CE00AD0D70 /* Sources */,
				00560D891D0B15CE00AD0D70 /* Frameworks */,
				00560D8A1D0B15CE00AD0D70 /* Resources */,
				23010A8F93B3792CF46C6A41 /* [CP] Embed Pods Frameworks */,
				998B98E5753204F9BBFF431D /* [CP] Copy Pods Resources */,
			);
			buildRules = (
			);
			dependencies = (
			);
			name = BQuick;
			productName = BQuick;
			productReference = 00560D8C1D0B15CE00AD0D70 /* BQuick.app */;
			productType = "com.apple.product-type.application";
		};
/* End PBXNativeTarget section */

/* Begin PBXProject section */
		00560D841D0B15CE00AD0D70 /* Project object */ = {
			isa = PBXProject;
			attributes = {
				LastSwiftUpdateCheck = 0730;
				LastUpgradeCheck = 0830;
				ORGANIZATIONNAME = "Emiko Clark";
				TargetAttributes = {
					00560D8B1D0B15CE00AD0D70 = {
						CreatedOnToolsVersion = 7.3;
						DevelopmentTeam = X9KW2SQ39Q;
						LastSwiftMigration = 0830;
					};
				};
			};
			buildConfigurationList = 00560D871D0B15CE00AD0D70 /* Build configuration list for PBXProject "BQuick" */;
			compatibilityVersion = "Xcode 3.2";
			developmentRegion = English;
			hasScannedForEncodings = 0;
			knownRegions = (
				en,
				Base,
			);
			mainGroup = 00560D831D0B15CE00AD0D70;
			productRefGroup = 00560D8D1D0B15CE00AD0D70 /* Products */;
			projectDirPath = "";
			projectRoot = "";
			targets = (
				00560D8B1D0B15CE00AD0D70 /* BQuick */,
			);
		};
/* End PBXProject section */

/* Begin PBXResourcesBuildPhase section */
		00560D8A1D0B15CE00AD0D70 /* Resources */ = {
			isa = PBXResourcesBuildPhase;
			buildActionMask = 2147483647;
			files = (
				00560D9D1D0B15CE00AD0D70 /* LaunchScreen.storyboard in Resources */,
				00560D951D0B15CE00AD0D70 /* Main.storyboard in Resources */,
				00B271A21F45F27C002E9854 /* asset.xcassets in Resources */,
				00666E111F00C3A6004387BD /* beeAnimation3.gif in Resources */,
				00666E071EFF5F45004387BD /* flight_of_the_bumblebee.mp3 in Resources */,
				00875FBA1F3F71F8003B2016 /* words-master.json in Resources */,
			);
			runOnlyForDeploymentPostprocessing = 0;
		};
/* End PBXResourcesBuildPhase section */

/* Begin PBXShellScriptBuildPhase section */
		0EAB9B70DCA8CE77EE71E983 /* [CP] Check Pods Manifest.lock */ = {
			isa = PBXShellScriptBuildPhase;
			buildActionMask = 2147483647;
			files = (
			);
			inputPaths = (
			);
			name = "[CP] Check Pods Manifest.lock";
			outputPaths = (
			);
			runOnlyForDeploymentPostprocessing = 0;
			shellPath = /bin/sh;
			shellScript = "diff \"${PODS_ROOT}/../Podfile.lock\" \"${PODS_ROOT}/Manifest.lock\" > /dev/null\nif [ $? != 0 ] ; then\n    # print error to STDERR\n    echo \"error: The sandbox is not in sync with the Podfile.lock. Run 'pod install' or update your CocoaPods installation.\" >&2\n    exit 1\nfi\n";
			showEnvVarsInLog = 0;
		};
		23010A8F93B3792CF46C6A41 /* [CP] Embed Pods Frameworks */ = {
			isa = PBXShellScriptBuildPhase;
			buildActionMask = 2147483647;
			files = (
			);
			inputPaths = (
			);
			name = "[CP] Embed Pods Frameworks";
			outputPaths = (
			);
			runOnlyForDeploymentPostprocessing = 0;
			shellPath = /bin/sh;
			shellScript = "\"${SRCROOT}/Pods/Target Support Files/Pods-BQuick/Pods-BQuick-frameworks.sh\"\n";
			showEnvVarsInLog = 0;
		};
		998B98E5753204F9BBFF431D /* [CP] Copy Pods Resources */ = {
			isa = PBXShellScriptBuildPhase;
			buildActionMask = 2147483647;
			files = (
			);
			inputPaths = (
			);
			name = "[CP] Copy Pods Resources";
			outputPaths = (
			);
			runOnlyForDeploymentPostprocessing = 0;
			shellPath = /bin/sh;
			shellScript = "\"${SRCROOT}/Pods/Target Support Files/Pods-BQuick/Pods-BQuick-resources.sh\"\n";
			showEnvVarsInLog = 0;
		};
/* End PBXShellScriptBuildPhase section */

/* Begin PBXSourcesBuildPhase section */
		00560D881D0B15CE00AD0D70 /* Sources */ = {
			isa = PBXSourcesBuildPhase;
			buildActionMask = 2147483647;
			files = (
				000302541ED525A80079E103 /* DAO.swift in Sources */,
				00495F581ED8CBB1008500CD /* NSAttributedString+DimensionMethods.swift in Sources */,
				00560D921D0B15CE00AD0D70 /* GameViewController.swift in Sources */,
				00AD25E31ED5FB580087BF47 /* GameOverViewController.swift in Sources */,
				00666E0B1F00327C004387BD /* Swift+Gif.swift in Sources */,
				000302561ED525D60079E103 /* Word.swift in Sources */,
				00292ED11ED640420005F87A /* PaddedLabel.swift in Sources */,
				00560D901D0B15CE00AD0D70 /* AppDelegate.swift in Sources */,
				00F572921F44DF64001F90C1 /* Constants.swift in Sources */,
			);
			runOnlyForDeploymentPostprocessing = 0;
		};
/* End PBXSourcesBuildPhase section */

/* Begin PBXVariantGroup section */
		00560D931D0B15CE00AD0D70 /* Main.storyboard */ = {
			isa = PBXVariantGroup;
			children = (
				00560D941D0B15CE00AD0D70 /* Base */,
			);
			name = Main.storyboard;
			sourceTree = "<group>";
		};
		00560D9B1D0B15CE00AD0D70 /* LaunchScreen.storyboard */ = {
			isa = PBXVariantGroup;
			children = (
				00560D9C1D0B15CE00AD0D70 /* Base */,
			);
			name = LaunchScreen.storyboard;
			sourceTree = "<group>";
		};
/* End PBXVariantGroup section */

/* Begin XCBuildConfiguration section */
		00560D9F1D0B15CE00AD0D70 /* Debug */ = {
			isa = XCBuildConfiguration;
			buildSettings = {
				ALWAYS_SEARCH_USER_PATHS = NO;
				CLANG_ANALYZER_NONNULL = YES;
				CLANG_CXX_LANGUAGE_STANDARD = "gnu++0x";
				CLANG_CXX_LIBRARY = "libc++";
				CLANG_ENABLE_MODULES = YES;
				CLANG_ENABLE_OBJC_ARC = YES;
				CLANG_WARN_BOOL_CONVERSION = YES;
				CLANG_WARN_CONSTANT_CONVERSION = YES;
				CLANG_WARN_DIRECT_OBJC_ISA_USAGE = YES_ERROR;
				CLANG_WARN_EMPTY_BODY = YES;
				CLANG_WARN_ENUM_CONVERSION = YES;
				CLANG_WARN_INFINITE_RECURSION = YES;
				CLANG_WARN_INT_CONVERSION = YES;
				CLANG_WARN_OBJC_ROOT_CLASS = YES_ERROR;
				CLANG_WARN_SUSPICIOUS_MOVE = YES;
				CLANG_WARN_UNREACHABLE_CODE = YES;
				CLANG_WARN__DUPLICATE_METHOD_MATCH = YES;
				"CODE_SIGN_IDENTITY[sdk=iphoneos*]" = "iPhone Developer";
				COPY_PHASE_STRIP = NO;
				DEBUG_INFORMATION_FORMAT = dwarf;
				ENABLE_STRICT_OBJC_MSGSEND = YES;
				ENABLE_TESTABILITY = YES;
				GCC_C_LANGUAGE_STANDARD = gnu99;
				GCC_DYNAMIC_NO_PIC = NO;
				GCC_NO_COMMON_BLOCKS = YES;
				GCC_OPTIMIZATION_LEVEL = 0;
				GCC_PREPROCESSOR_DEFINITIONS = (
					"DEBUG=1",
					"$(inherited)",
				);
				GCC_WARN_64_TO_32_BIT_CONVERSION = YES;
				GCC_WARN_ABOUT_RETURN_TYPE = YES_ERROR;
				GCC_WARN_UNDECLARED_SELECTOR = YES;
				GCC_WARN_UNINITIALIZED_AUTOS = YES_AGGRESSIVE;
				GCC_WARN_UNUSED_FUNCTION = YES;
				GCC_WARN_UNUSED_VARIABLE = YES;
				IPHONEOS_DEPLOYMENT_TARGET = 9.3;
				MTL_ENABLE_DEBUG_INFO = YES;
				ONLY_ACTIVE_ARCH = YES;
				SDKROOT = iphoneos;
				SWIFT_OPTIMIZATION_LEVEL = "-Onone";
				TARGETED_DEVICE_FAMILY = 1;
			};
			name = Debug;
		};
		00560DA01D0B15CE00AD0D70 /* Release */ = {
			isa = XCBuildConfiguration;
			buildSettings = {
				ALWAYS_SEARCH_USER_PATHS = NO;
				CLANG_ANALYZER_NONNULL = YES;
				CLANG_CXX_LANGUAGE_STANDARD = "gnu++0x";
				CLANG_CXX_LIBRARY = "libc++";
				CLANG_ENABLE_MODULES = YES;
				CLANG_ENABLE_OBJC_ARC = YES;
				CLANG_WARN_BOOL_CONVERSION = YES;
				CLANG_WARN_CONSTANT_CONVERSION = YES;
				CLANG_WARN_DIRECT_OBJC_ISA_USAGE = YES_ERROR;
				CLANG_WARN_EMPTY_BODY = YES;
				CLANG_WARN_ENUM_CONVERSION = YES;
				CLANG_WARN_INFINITE_RECURSION = YES;
				CLANG_WARN_INT_CONVERSION = YES;
				CLANG_WARN_OBJC_ROOT_CLASS = YES_ERROR;
				CLANG_WARN_SUSPICIOUS_MOVE = YES;
				CLANG_WARN_UNREACHABLE_CODE = YES;
				CLANG_WARN__DUPLICATE_METHOD_MATCH = YES;
				"CODE_SIGN_IDENTITY[sdk=iphoneos*]" = "iPhone Developer";
				COPY_PHASE_STRIP = NO;
				DEBUG_INFORMATION_FORMAT = "dwarf-with-dsym";
				ENABLE_NS_ASSERTIONS = NO;
				ENABLE_STRICT_OBJC_MSGSEND = YES;
				GCC_C_LANGUAGE_STANDARD = gnu99;
				GCC_NO_COMMON_BLOCKS = YES;
				GCC_WARN_64_TO_32_BIT_CONVERSION = YES;
				GCC_WARN_ABOUT_RETURN_TYPE = YES_ERROR;
				GCC_WARN_UNDECLARED_SELECTOR = YES;
				GCC_WARN_UNINITIALIZED_AUTOS = YES_AGGRESSIVE;
				GCC_WARN_UNUSED_FUNCTION = YES;
				GCC_WARN_UNUSED_VARIABLE = YES;
				IPHONEOS_DEPLOYMENT_TARGET = 9.3;
				MTL_ENABLE_DEBUG_INFO = NO;
				SDKROOT = iphoneos;
				SWIFT_OPTIMIZATION_LEVEL = "-Owholemodule";
				TARGETED_DEVICE_FAMILY = 1;
				VALIDATE_PRODUCT = YES;
			};
			name = Release;
		};
		00560DA21D0B15CE00AD0D70 /* Debug */ = {
			isa = XCBuildConfiguration;
			baseConfigurationReference = DB2BD163CCBBE57066C6296F /* Pods-BQuick.debug.xcconfig */;
			buildSettings = {
				ALWAYS_EMBED_SWIFT_STANDARD_LIBRARIES = YES;
				ASSETCATALOG_COMPILER_APPICON_NAME = AppIcon;
				DEVELOPMENT_TEAM = X9KW2SQ39Q;
				INFOPLIST_FILE = BQuick/Info.plist;
				LD_RUNPATH_SEARCH_PATHS = "$(inherited) @executable_path/Frameworks";
				PRODUCT_BUNDLE_IDENTIFIER = com.emikoclark.BeeQuick;
				PRODUCT_NAME = "$(TARGET_NAME)";
				SWIFT_VERSION = 3.0;
			};
			name = Debug;
		};
		00560DA31D0B15CE00AD0D70 /* Release */ = {
			isa = XCBuildConfiguration;
			baseConfigurationReference = AA6983922452E9A4FA9899AA /* Pods-BQuick.release.xcconfig */;
			buildSettings = {
				ALWAYS_EMBED_SWIFT_STANDARD_LIBRARIES = YES;
				ASSETCATALOG_COMPILER_APPICON_NAME = AppIcon;
				DEVELOPMENT_TEAM = X9KW2SQ39Q;
				INFOPLIST_FILE = BQuick/Info.plist;
				LD_RUNPATH_SEARCH_PATHS = "$(inherited) @executable_path/Frameworks";
				PRODUCT_BUNDLE_IDENTIFIER = com.emikoclark.BeeQuick;
				PRODUCT_NAME = "$(TARGET_NAME)";
				SWIFT_VERSION = 3.0;
			};
			name = Release;
		};
/* End XCBuildConfiguration section */

/* Begin XCConfigurationList section */
		00560D871D0B15CE00AD0D70 /* Build configuration list for PBXProject "BQuick" */ = {
			isa = XCConfigurationList;
			buildConfigurations = (
				00560D9F1D0B15CE00AD0D70 /* Debug */,
				00560DA01D0B15CE00AD0D70 /* Release */,
			);
			defaultConfigurationIsVisible = 0;
			defaultConfigurationName = Release;
		};
		00560DA11D0B15CE00AD0D70 /* Build configuration list for PBXNativeTarget "BQuick" */ = {
			isa = XCConfigurationList;
			buildConfigurations = (
				00560DA21D0B15CE00AD0D70 /* Debug */,
				00560DA31D0B15CE00AD0D70 /* Release */,
			);
			defaultConfigurationIsVisible = 0;
			defaultConfigurationName = Release;
		};
/* End XCConfigurationList section */
	};
	rootObject = 00560D841D0B15CE00AD0D70 /* Project object */;
}
